{
  "name": "novnc-test",
  "version": "1.0.0",
  "lockfileVersion": 1,
  "requires": true,
  "dependencies": {
    "@novnc/novnc": {
      "version": "git+https://github.com/novnc/novnc.git#36bfcb0714ddeb0107933589bc4fc108ad54cd8d",
      "from": "git+https://github.com/novnc/novnc.git"
    }
  }
}
